Microsoft Visual Studio Solution File, Format Version 12.00
# Visual Studio Version 17
VisualStudioVersion = 17.5.2.0
MinimumVisualStudioVersion = 10.0.40219.1
Project("{FAE04EC0-301F-11D3-BF4B-00C04F79EFBC}") = "RemoteEmuApp", "RemoteEmuApp\RemoteEmuApp.csproj", "{24CD0F4F-62D1-C455-8609-B54E4536BC60}"
EndProject
Global
	GlobalSection(SolutionConfigurationPlatforms) = preSolution
		Debug|Any CPU = Debug|Any CPU
		Release|Any CPU = Release|Any CPU
	EndGlobalSection
	GlobalSection(ProjectConfigurationPlatforms) = postSolution
		{24CD0F4F-62D1-C455-8609-B54E4536BC60}.Debug|Any CPU.ActiveCfg = Debug|Any CPU
		{24CD0F4F-62D1-C455-8609-B54E4536BC60}.Debug|Any CPU.Build.0 = Debug|Any CPU
		{24CD0F4F-62D1-C455-8609-B54E4536BC60}.Release|Any CPU.ActiveCfg = Release|Any CPU
		{24CD0F4F-62D1-C455-8609-B54E4536BC60}.Release|Any CPU.Build.0 = Release|Any CPU
	EndGlobalSection
	GlobalSection(SolutionProperties) = preSolution
		HideSolutionNode = FALSE
	EndGlobalSection
	GlobalSection(ExtensibilityGlobals) = postSolution
		SolutionGuid = {C029611D-FB58-4699-910B-23A191A6D8C2}
	EndGlobalSection
EndGlobal
